
Microsoft Visual Studio Solution File, Format Version 12.00
# Visual Studio Version 17
VisualStudioVersion = 17.0.31903.59
MinimumVisualStudioVersion = 10.0.40219.1
Project("{FAE04EC0-301F-11D3-BF4B-00C04F79EFBC}") = "CupheadArchipelago", "CupheadArchipelago\CupheadArchipelago.csproj", "{1E96F31F-927D-4E76-84D9-85402CB66418}"
EndProject
Project("{FAE04EC0-301F-11D3-BF4B-00C04F79EFBC}") = "CupheadArchipelago.Tests", "CupheadArchipelago.Tests\CupheadArchipelago.Tests.csproj", "{A8B10E3D-15B3-4078-BB09-EE7A74FEAB0E}"
EndProject
Project("{2150E333-8FDC-42A3-9474-1A3956D46DE8}") = "CupheadArchipelago.Helpers", "CupheadArchipelago.Helpers", "{02EA681E-C7D8-13C7-8484-4AC65E1B71E8}"
EndProject
Project("{FAE04EC0-301F-11D3-BF4B-00C04F79EFBC}") = "CheckVersions", "CupheadArchipelago.Helpers\CheckVersions\CheckVersions.csproj", "{498B887C-F251-5EBE-C2F0-9380FDCD8E54}"
EndProject
Project("{FAE04EC0-301F-11D3-BF4B-00C04F79EFBC}") = "FVerParser", "CupheadArchipelago.Helpers\FVerParser\FVerParser.csproj", "{A393AA05-9434-4BAA-9ACB-74B2F30C6E9F}"
EndProject
Project("{FAE04EC0-301F-11D3-BF4B-00C04F79EFBC}") = "GenManifest", "CupheadArchipelago.Helpers\GenManifest\GenManifest.csproj", "{6FDED1F5-7BF9-430D-AADC-99D968672B79}"
EndProject
Global
	GlobalSection(SolutionConfigurationPlatforms) = preSolution
		Debug|x64 = Debug|x64
		Release|x64 = Release|x64
	EndGlobalSection
	GlobalSection(ProjectConfigurationPlatforms) = postSolution
		{1E96F31F-927D-4E76-84D9-85402CB66418}.Debug|x64.ActiveCfg = Debug|x64
		{1E96F31F-927D-4E76-84D9-85402CB66418}.Debug|x64.Build.0 = Debug|x64
		{1E96F31F-927D-4E76-84D9-85402CB66418}.Release|x64.ActiveCfg = Release|x64
		{1E96F31F-927D-4E76-84D9-85402CB66418}.Release|x64.Build.0 = Release|x64
		{A8B10E3D-15B3-4078-BB09-EE7A74FEAB0E}.Debug|x64.ActiveCfg = Debug|x64
		{A8B10E3D-15B3-4078-BB09-EE7A74FEAB0E}.Debug|x64.Build.0 = Debug|x64
		{A8B10E3D-15B3-4078-BB09-EE7A74FEAB0E}.Release|x64.ActiveCfg = Release|x64
		{A8B10E3D-15B3-4078-BB09-EE7A74FEAB0E}.Release|x64.Build.0 = Release|x64
		{498B887C-F251-5EBE-C2F0-9380FDCD8E54}.Debug|x64.ActiveCfg = Debug|x64
		{498B887C-F251-5EBE-C2F0-9380FDCD8E54}.Debug|x64.Build.0 = Debug|x64
		{498B887C-F251-5EBE-C2F0-9380FDCD8E54}.Release|x64.ActiveCfg = Release|x64
		{498B887C-F251-5EBE-C2F0-9380FDCD8E54}.Release|x64.Build.0 = Release|x64
		{A393AA05-9434-4BAA-9ACB-74B2F30C6E9F}.Debug|x64.ActiveCfg = Debug|x64
		{A393AA05-9434-4BAA-9ACB-74B2F30C6E9F}.Debug|x64.Build.0 = Debug|x64
		{A393AA05-9434-4BAA-9ACB-74B2F30C6E9F}.Release|x64.ActiveCfg = Release|x64
		{A393AA05-9434-4BAA-9ACB-74B2F30C6E9F}.Release|x64.Build.0 = Release|x64
		{6FDED1F5-7BF9-430D-AADC-99D968672B79}.Debug|x64.ActiveCfg = Debug|x64
		{6FDED1F5-7BF9-430D-AADC-99D968672B79}.Debug|x64.Build.0 = Debug|x64
		{6FDED1F5-7BF9-430D-AADC-99D968672B79}.Release|x64.ActiveCfg = Release|x64
		{6FDED1F5-7BF9-430D-AADC-99D968672B79}.Release|x64.Build.0 = Release|x64
	EndGlobalSection
	GlobalSection(SolutionProperties) = preSolution
		HideSolutionNode = FALSE
	EndGlobalSection
	GlobalSection(NestedProjects) = preSolution
		{498B887C-F251-5EBE-C2F0-9380FDCD8E54} = {02EA681E-C7D8-13C7-8484-4AC65E1B71E8}
		{A393AA05-9434-4BAA-9ACB-74B2F30C6E9F} = {02EA681E-C7D8-13C7-8484-4AC65E1B71E8}
		{6FDED1F5-7BF9-430D-AADC-99D968672B79} = {02EA681E-C7D8-13C7-8484-4AC65E1B71E8}
	EndGlobalSection
EndGlobal
