{
  "version": 1,
  "dependencies": {
    ".NETFramework,Version=v3.5": {
      "Archipelago.MultiClient.Net": {
        "type": "Direct",
        "requested": "[6.3.*, )",
        "resolved": "6.3.1",
        "contentHash": "x7N0KHS1UjD1ZS6XGkJrBu6w//pNCe4PgYXEwPedRls/GcbbhgtEsGJmtxfPk/9/cCBXTymHNGMCrWmG9PGlLw=="
      },
      "BepInEx.Analyzers": {
        "type": "Direct",
        "requested": "[1.*, )",
        "resolved": "1.0.8",
        "contentHash": "xrfNmunsPhBx+vStTxLonq/aHkRrDH77c9tG/x3m5eejrKe5B0nf7cJPRRt6x330sGI0bLaPTtygdeHUgvI3wQ=="
      },
      "BepInEx.Core": {
        "type": "Direct",
        "requested": "[5.*, )",
        "resolved": "5.4.21",
        "contentHash": "NMUPlbHTTfJ+qIQCI90uIvjuUQ4wnwt4cpRsK3ItBh1DhsWFzAHXNiZjBxZkPysljEKQ2iu89sxMTga4bxBXVQ==",
        "dependencies": {
          "BepInEx.BaseLib": "5.4.20",
          "HarmonyX": "2.7.0"
        }
      },
      "BepInEx.PluginInfoProps": {
        "type": "Direct",
        "requested": "[1.*, )",
        "resolved": "1.1.0",
        "contentHash": "RqM3aaGs8Hc2m0D+8aSt9mv09rCMYNIF35NB3D6KA2zSpcXJh/9ZVWrPlIUJfA8KYzodSWcCMUexEW24fjwR3w=="
      },
      "Microsoft.NETFramework.ReferenceAssemblies": {
        "type": "Direct",
        "requested": "[1.0.3, )",
        "resolved": "1.0.3",
        "contentHash": "vUc9Npcs14QsyOD01tnv/m8sQUnGTGOw1BCmKcv77LBJY7OxhJ+zJF7UD/sCL3lYNFuqmQEVlkfS4Quif6FyYg==",
        "dependencies": {
          "Microsoft.NETFramework.ReferenceAssemblies.net35": "1.0.3"
        }
      },
      "UnityEngine.Modules": {
        "type": "Direct",
        "requested": "[2017.4.9, )",
        "resolved": "2017.4.9",
        "contentHash": "XvyZDo6FKond0+Iwx6OSKevG86B68vFCZSR1MQ3LteuFBkTeEtjeANZpQpEibkA2ViS4Sne2R3tYQNYKkINSkg=="
      },
      "BepInEx.BaseLib": {
        "type": "Transitive",
        "resolved": "5.4.20",
        "contentHash": "0bXgYxbCEN2Ixp3kiFEhyw+RASeFQeg/ww+lbMt7if6XMeVS60eg6epNsMA8Jbx57dmNOzNevkKKw8mP8SUMqw=="
      },
      "HarmonyX": {
        "type": "Transitive",
        "resolved": "2.7.0",
        "contentHash": "lec/SkduQspMa3Pi/nM/NSvA84Za8HCCWA8ybdToKiTqnBZa+JC5g6rxoFQCg/1vNuYcvjy77edePZzIEsRmvw==",
        "dependencies": {
          "MonoMod.RuntimeDetour": "21.12.13.1"
        }
      },
      "Microsoft.NETFramework.ReferenceAssemblies.net35": {
        "type": "Transitive",
        "resolved": "1.0.3",
        "contentHash": "Mhbr13IGgsW4AHj50uAiVNMPWdvUPWePRsI4x1NiTkhHUc4rqi9XvY5xxBC4d56bJypQbxAZ8bPuZIpz+TjBVQ=="
      },
      "Mono.Cecil": {
        "type": "Transitive",
        "resolved": "0.10.4",
        "contentHash": "BHukPf7zfXu+akTcFEAWvU4x3hVMMIDC+ihGAl/+8OozrY0f/ajrpuaSUf2Q3Xvgsge5NryvOkjtyhV5TNXoSg=="
      },
      "MonoMod.RuntimeDetour": {
        "type": "Transitive",
        "resolved": "21.12.13.1",
        "contentHash": "65mB+bHjT6UCGCgO+/pYhpuGPf96rQ1Whwkut/x7cqVIW0DTndDFyWc/3bngzhnY/Y6IYtBMlXsU2ATq+CxpHg==",
        "dependencies": {
          "Mono.Cecil": "0.10.4",
          "MonoMod.Utils": "21.12.13.1"
        }
      },
      "MonoMod.Utils": {
        "type": "Transitive",
        "resolved": "21.12.13.1",
        "contentHash": "/H+0RMWqx/D1/fSuY5jhY6GFvqhdYdlnI7J3IfL8P6y4nJkoZDxqts6+RxWWOz4pbnJdWnxSjS8XG+Lq6rUi7w==",
        "dependencies": {
          "Mono.Cecil": "0.10.4"
        }
      }
    }
  }
}