{
  "version": 1,
  "dependencies": {
    ".NETFramework,Version=v3.5": {
      "Microsoft.NETFramework.ReferenceAssemblies": {
        "type": "Direct",
        "requested": "[1.0.3, )",
        "resolved": "1.0.3",
        "contentHash": "vUc9Npcs14QsyOD01tnv/m8sQUnGTGOw1BCmKcv77LBJY7OxhJ+zJF7UD/sCL3lYNFuqmQEVlkfS4Quif6FyYg==",
        "dependencies": {
          "Microsoft.NETFramework.ReferenceAssemblies.net35": "1.0.3"
        }
      },
      "NUnit": {
        "type": "Direct",
        "requested": "[3.*, )",
        "resolved": "3.14.0",
        "contentHash": "R7iPwD7kbOaP3o2zldWJbWeMQAvDKD0uld27QvA3PAALl1unl7x0v2J7eGiJOYjimV/BuGT4VJmr45RjS7z4LA=="
      },
      "NUnit.Analyzers": {
        "type": "Direct",
        "requested": "[2.*, )",
        "resolved": "2.10.0",
        "contentHash": "Coi/ze7sOLxpM7m+7qhyW0trrCrwVtTA7Q7ubjv42o10kHZ1/gqDtPQjnyB5sibm+Pa6xMizk548PJET/KhMcA=="
      },
      "NUnitLite": {
        "type": "Direct",
        "requested": "[3.*, )",
        "resolved": "3.14.0",
        "contentHash": "DLiOwZ4R2IsB4G3rxcBE/pCFoE9nVuT7L0NUe7J9xxWka3rh4eK8DWZeepfacy/3HTwYDXiIMiMUYSspSbA6lA==",
        "dependencies": {
          "NUnit": "[3.14.0]"
        }
      },
      "Archipelago.MultiClient.Net": {
        "type": "Transitive",
        "resolved": "6.7.1",
        "contentHash": "wheDMl5C0e175RvuY+E3oDY13myaa7f2pRRjOg9PgcbOJApVu3QT62mQ46jYJ0sn/X7Fu4bdVVxZ2bx0vwncBQ=="
      },
      "BepInEx.Core": {
        "type": "Transitive",
        "resolved": "6.0.0-be.764",
        "contentHash": "YYtia6oXPXCeCkvom3bgI3lzzMx3LrbOCRpRmV540SXd2PWFidmDP60Jdcg3UHOuIv8d4mBCpUOZrBxq1QBdcw==",
        "dependencies": {
          "HarmonyX": "2.10.2",
          "MonoMod.Utils": "22.7.31.1",
          "SemanticVersioning": "2.0.2"
        }
      },
      "BepInEx.PluginInfoProps": {
        "type": "Transitive",
        "resolved": "2.1.0",
        "contentHash": "VCG3QRiqNdW9ku2FEcNsbK+HKxrZmW0VxwMNyLNO7h0xGorU+C6vBHN8Qq4eAL5fU11Uks5x2uoYdqEoKD3P8A=="
      },
      "BepInEx.Unity.Mono": {
        "type": "Transitive",
        "resolved": "6.0.0-be.764",
        "contentHash": "Dx1FIf7OXZ7OgQ9+DVSDTad5u1eJ4tQ0qUMyP7CXKx7yFJc6+YpgECUiNA4Pvl3vkLWYxchmhpu5x61HcwGBxQ==",
        "dependencies": {
          "BepInEx.Core": "6.0.0-be.764",
          "HarmonyX": "2.10.2",
          "Unity.InputSystem": "1.5.0",
          "UnityEngine": "5.6.1"
        }
      },
      "HarmonyX": {
        "type": "Transitive",
        "resolved": "2.10.2",
        "contentHash": "/5WwkxXX8mPsRuigQt957rJGx1f0dDQxk+bvk4yYITKFjXas9Em+O71zEP8X0ym8OFQQ2XH/2SxS4NC7vEC+Xg==",
        "dependencies": {
          "MonoMod.RuntimeDetour": "22.3.23.4"
        }
      },
      "Microsoft.NETFramework.ReferenceAssemblies.net35": {
        "type": "Transitive",
        "resolved": "1.0.3",
        "contentHash": "Mhbr13IGgsW4AHj50uAiVNMPWdvUPWePRsI4x1NiTkhHUc4rqi9XvY5xxBC4d56bJypQbxAZ8bPuZIpz+TjBVQ=="
      },
      "Mono.Cecil": {
        "type": "Transitive",
        "resolved": "0.10.4",
        "contentHash": "BHukPf7zfXu+akTcFEAWvU4x3hVMMIDC+ihGAl/+8OozrY0f/ajrpuaSUf2Q3Xvgsge5NryvOkjtyhV5TNXoSg=="
      },
      "MonoMod.RuntimeDetour": {
        "type": "Transitive",
        "resolved": "22.3.23.4",
        "contentHash": "2nwwFfwYDSgUzhi+1MutTg1gyUgXoMS4+E04vHOFp84Vxs0oBkkn4mGAfhkr272y0j3vqIBzo2aT9pXRlCd/ZA==",
        "dependencies": {
          "Mono.Cecil": "0.10.4",
          "MonoMod.Utils": "22.3.23.4"
        }
      },
      "MonoMod.Utils": {
        "type": "Transitive",
        "resolved": "22.7.31.1",
        "contentHash": "nI0E1oadXS1iMbfwfCzYF08C1jRQR9cnnHv66a4BSPd4sGu2p6g4BmctCWsdAB6oGKkSJUhcfHfxcfTsDyB94Q==",
        "dependencies": {
          "Mono.Cecil": "0.10.4"
        }
      },
      "SemanticVersioning": {
        "type": "Transitive",
        "resolved": "2.0.2",
        "contentHash": "4EQgYdNZ92SyaO7YFk6olVnebF5V+jrHyMUjvPq89tLeMo8NSfgDF+6Zwq/lgh9j/0yfQp9Lkm0ZA0rUATCZFA=="
      },
      "Unity.InputSystem": {
        "type": "Transitive",
        "resolved": "1.5.0",
        "contentHash": "wT/v12I32X+TlhPprHxQaw+LOkVkOPtdfVSJTurTtfN7V+d0cRaii2Nt5+oY8UhkKtHTExzMZB4dISjZQW70lA=="
      },
      "UnityEngine": {
        "type": "Transitive",
        "resolved": "5.6.1",
        "contentHash": "uAhM+pBtZH7CvGCBQyT9CaksT9M4fzTCIMetYjOEocuFiQGF38uGgS8q5xUd1HddaeXwDG9VrMARHGz5IXhQLw=="
      },
      "UnityEngine.Modules": {
        "type": "Transitive",
        "resolved": "2017.4.9",
        "contentHash": "XvyZDo6FKond0+Iwx6OSKevG86B68vFCZSR1MQ3LteuFBkTeEtjeANZpQpEibkA2ViS4Sne2R3tYQNYKkINSkg=="
      },
      "Assembly-CSharp": {
        "type": "Project"
      },
      "cupheadarchipelago": {
        "type": "Project",
        "dependencies": {
          "Archipelago.MultiClient.Net": "[6.7.*, )",
          "BepInEx.PluginInfoProps": "[2.*, )",
          "BepInEx.Unity.Mono": "[6.0.0-be.*, )",
          "FVerParser": "[1.0.0, )",
          "UnityEngine.Modules": "[2017.4.9, )"
        }
      },
      "fverparser": {
        "type": "Project"
      }
    },
    ".NETFramework,Version=v3.5/win-x64": {}
  }
}