{
  "version": 1,
  "dependencies": {
    ".NETFramework,Version=v3.5": {
      "Archipelago.MultiClient.Net": {
        "type": "Direct",
        "requested": "[6.6.*, )",
        "resolved": "6.6.1",
        "contentHash": "CvojDLce6/ZkDTa/JNeCX4fM7X0gDdVAI5oIOKOtZjsOk4xJ9kTBix6ajnV2tIABEgpKzmMQm21Oz93Bu0m7IA=="
      },
      "BepInEx.Analyzers": {
        "type": "Direct",
        "requested": "[1.*, )",
        "resolved": "1.0.8",
        "contentHash": "xrfNmunsPhBx+vStTxLonq/aHkRrDH77c9tG/x3m5eejrKe5B0nf7cJPRRt6x330sGI0bLaPTtygdeHUgvI3wQ=="
      },
      "BepInEx.PluginInfoProps": {
        "type": "Direct",
        "requested": "[1.*, )",
        "resolved": "1.1.0",
        "contentHash": "RqM3aaGs8Hc2m0D+8aSt9mv09rCMYNIF35NB3D6KA2zSpcXJh/9ZVWrPlIUJfA8KYzodSWcCMUexEW24fjwR3w=="
      },
      "BepInEx.Unity": {
        "type": "Direct",
        "requested": "[6.0.0-*, )",
        "resolved": "6.0.0-pre.1",
        "contentHash": "e3WnHakgJeAn5IqwLt3AmFUHH/iycuBa/VcKW9o658CbJhMB0eETkPbvMMIrbPJnwDzfwfhUQb3B6QC4qwq0XA==",
        "dependencies": {
          "BepInEx.Core": "6.0.0-pre.1",
          "HarmonyX": "2.10.0",
          "UnityEngine": "5.6.1"
        }
      },
      "FVer": {
        "type": "Direct",
        "requested": "[0.1.0-*, )",
        "resolved": "0.1.0-draft01e",
        "contentHash": "M9rUx3nzHMRaPecR8yBxYoD6ffXna2UcrjVe9F0LmbzucfVLuA//TFJWSLrNIsrt4fyADpy18TTaXF9qDyh+Kw=="
      },
      "Microsoft.NETFramework.ReferenceAssemblies": {
        "type": "Direct",
        "requested": "[1.0.3, )",
        "resolved": "1.0.3",
        "contentHash": "vUc9Npcs14QsyOD01tnv/m8sQUnGTGOw1BCmKcv77LBJY7OxhJ+zJF7UD/sCL3lYNFuqmQEVlkfS4Quif6FyYg==",
        "dependencies": {
          "Microsoft.NETFramework.ReferenceAssemblies.net35": "1.0.3"
        }
      },
      "UnityEngine.Modules": {
        "type": "Direct",
        "requested": "[2017.4.9, )",
        "resolved": "2017.4.9",
        "contentHash": "XvyZDo6FKond0+Iwx6OSKevG86B68vFCZSR1MQ3LteuFBkTeEtjeANZpQpEibkA2ViS4Sne2R3tYQNYKkINSkg=="
      },
      "BepInEx.Core": {
        "type": "Transitive",
        "resolved": "6.0.0-pre.1",
        "contentHash": "oTLuVxw7C7z6sQRbdDPd0118afGto975zI5NR+kZaccnLfbYnriXYuUorKg9+KAmpbaQmfBLVoWEpLXf9l1lSA==",
        "dependencies": {
          "HarmonyX": "2.10.0",
          "MonoMod.Utils": "22.5.1.1",
          "SemanticVersioning": "2.0.2"
        }
      },
      "HarmonyX": {
        "type": "Transitive",
        "resolved": "2.10.0",
        "contentHash": "4ayiy/dlCiW86K2N7Jvbf+VpI5wvP7dncv/6oRmfwRi32UCmCRzCGzsxdMfzJZkp6/26oBW+DrD8vi4UejzVAg==",
        "dependencies": {
          "MonoMod.RuntimeDetour": "22.3.23.4"
        }
      },
      "Microsoft.NETFramework.ReferenceAssemblies.net35": {
        "type": "Transitive",
        "resolved": "1.0.3",
        "contentHash": "Mhbr13IGgsW4AHj50uAiVNMPWdvUPWePRsI4x1NiTkhHUc4rqi9XvY5xxBC4d56bJypQbxAZ8bPuZIpz+TjBVQ=="
      },
      "Mono.Cecil": {
        "type": "Transitive",
        "resolved": "0.10.4",
        "contentHash": "BHukPf7zfXu+akTcFEAWvU4x3hVMMIDC+ihGAl/+8OozrY0f/ajrpuaSUf2Q3Xvgsge5NryvOkjtyhV5TNXoSg=="
      },
      "MonoMod.RuntimeDetour": {
        "type": "Transitive",
        "resolved": "22.3.23.4",
        "contentHash": "2nwwFfwYDSgUzhi+1MutTg1gyUgXoMS4+E04vHOFp84Vxs0oBkkn4mGAfhkr272y0j3vqIBzo2aT9pXRlCd/ZA==",
        "dependencies": {
          "Mono.Cecil": "0.10.4",
          "MonoMod.Utils": "22.3.23.4"
        }
      },
      "MonoMod.Utils": {
        "type": "Transitive",
        "resolved": "22.5.1.1",
        "contentHash": "vBObO1atXxhi2C4AuC53y87Bqeogi9xIrD1Ym3YWr5uxc8Nrm8SrsFeD1i3x04R999+XQ3FdeHrbXScyWYEHqQ==",
        "dependencies": {
          "Mono.Cecil": "0.10.4"
        }
      },
      "SemanticVersioning": {
        "type": "Transitive",
        "resolved": "2.0.2",
        "contentHash": "4EQgYdNZ92SyaO7YFk6olVnebF5V+jrHyMUjvPq89tLeMo8NSfgDF+6Zwq/lgh9j/0yfQp9Lkm0ZA0rUATCZFA=="
      },
      "UnityEngine": {
        "type": "Transitive",
        "resolved": "5.6.1",
        "contentHash": "uAhM+pBtZH7CvGCBQyT9CaksT9M4fzTCIMetYjOEocuFiQGF38uGgS8q5xUd1HddaeXwDG9VrMARHGz5IXhQLw=="
      },
      "fverparser": {
        "type": "Project"
      }
    }
  }
}