{
  "version": 1,
  "dependencies": {
    ".NETFramework,Version=v3.5": {
      "Archipelago.MultiClient.Net": {
        "type": "Direct",
        "requested": "[6.6.*, )",
        "resolved": "6.6.1",
        "contentHash": "CvojDLce6/ZkDTa/JNeCX4fM7X0gDdVAI5oIOKOtZjsOk4xJ9kTBix6ajnV2tIABEgpKzmMQm21Oz93Bu0m7IA=="
      },
      "FVer": {
        "type": "Direct",
        "requested": "[0.1.0-*, )",
        "resolved": "0.1.0-draft01e",
        "contentHash": "M9rUx3nzHMRaPecR8yBxYoD6ffXna2UcrjVe9F0LmbzucfVLuA//TFJWSLrNIsrt4fyADpy18TTaXF9qDyh+Kw=="
      },
      "HarmonyX": {
        "type": "Direct",
        "requested": "[2.14.*, )",
        "resolved": "2.14.0",
        "contentHash": "ZxfuszLYwbSEEUuy/ifXUrL+kwvt7CNahzUFS12zABeBMwdWG5vdthk1XRMdZlg2aRjhRSAwuKlDMD3Bmao/Ew==",
        "dependencies": {
          "MonoMod.RuntimeDetour": "25.2.2"
        }
      },
      "Microsoft.NETFramework.ReferenceAssemblies": {
        "type": "Direct",
        "requested": "[1.0.3, )",
        "resolved": "1.0.3",
        "contentHash": "vUc9Npcs14QsyOD01tnv/m8sQUnGTGOw1BCmKcv77LBJY7OxhJ+zJF7UD/sCL3lYNFuqmQEVlkfS4Quif6FyYg==",
        "dependencies": {
          "Microsoft.NETFramework.ReferenceAssemblies.net35": "1.0.3"
        }
      },
      "UnityEngine.Modules": {
        "type": "Direct",
        "requested": "[2017.4.9, )",
        "resolved": "2017.4.9",
        "contentHash": "XvyZDo6FKond0+Iwx6OSKevG86B68vFCZSR1MQ3LteuFBkTeEtjeANZpQpEibkA2ViS4Sne2R3tYQNYKkINSkg=="
      },
      "Microsoft.NETFramework.ReferenceAssemblies.net35": {
        "type": "Transitive",
        "resolved": "1.0.3",
        "contentHash": "Mhbr13IGgsW4AHj50uAiVNMPWdvUPWePRsI4x1NiTkhHUc4rqi9XvY5xxBC4d56bJypQbxAZ8bPuZIpz+TjBVQ=="
      },
      "Mono.Cecil": {
        "type": "Transitive",
        "resolved": "0.10.4",
        "contentHash": "BHukPf7zfXu+akTcFEAWvU4x3hVMMIDC+ihGAl/+8OozrY0f/ajrpuaSUf2Q3Xvgsge5NryvOkjtyhV5TNXoSg=="
      },
      "MonoMod.Backports": {
        "type": "Transitive",
        "resolved": "1.1.2",
        "contentHash": "baYlNy8n8kmaNhNvqmZ/dIPOeO1r9//dG1i2WbunMWtWZ2EKtIgmXaS+ZzphzTsikkGnoD4Jwr5g0TVdpDjgpw==",
        "dependencies": {
          "MonoMod.ILHelpers": "1.1.0"
        }
      },
      "MonoMod.Core": {
        "type": "Transitive",
        "resolved": "1.2.2",
        "contentHash": "3R9mQ7TxeQQBFLtGTR2VIDSBGx/I7d8RYpxvW1Mot0/PB6+UOnHr+lkw7dj8cus8YSnLdCFT+CG4JW89daEvjg==",
        "dependencies": {
          "Mono.Cecil": "0.10.4",
          "MonoMod.Backports": "1.1.2",
          "MonoMod.ILHelpers": "1.1.0",
          "MonoMod.Utils": "25.0.8"
        }
      },
      "MonoMod.ILHelpers": {
        "type": "Transitive",
        "resolved": "1.1.0",
        "contentHash": "L2FWjhTrv7tcIxshfZ+M3OcaNr4cNw0IwiVZEgwqRnZ5QAN3+RrNJ8ZwCzwXUWyPDqooJxMcjjg8PsSYUiNBjQ=="
      },
      "MonoMod.RuntimeDetour": {
        "type": "Transitive",
        "resolved": "25.2.2",
        "contentHash": "uqkdEZkvGv3nxEGolyateQXze/GFTuYYuMA9iW6Yjyt1Njqvx2SGYCEgdDgHh+kfhSZ6MymGU/20t99dU4DaVQ==",
        "dependencies": {
          "Mono.Cecil": "0.10.4",
          "MonoMod.Backports": "1.1.2",
          "MonoMod.Core": "1.2.2",
          "MonoMod.ILHelpers": "1.1.0",
          "MonoMod.Utils": "25.0.8"
        }
      },
      "MonoMod.Utils": {
        "type": "Transitive",
        "resolved": "25.0.8",
        "contentHash": "8wfyawgvGqUvfchAj7/gPazAjXO8CWNyXH+C0az+hgJH/80zVL5LxDhQMz0NQTyoCEJWU6gNBGc7CL+G7vCbaQ==",
        "dependencies": {
          "Mono.Cecil": "0.10.4",
          "MonoMod.Backports": "1.1.2",
          "MonoMod.ILHelpers": "1.1.0"
        }
      },
      "fverparser": {
        "type": "Project"
      }
    }
  }
}