{
  "version": 1,
  "dependencies": {
    "net10.0": {
      "Newtonsoft.Json": {
        "type": "Direct",
        "requested": "[13.0.*, )",
        "resolved": "13.0.4",
        "contentHash": "pdgNNMai3zv51W5aq268sujXUyx7SNdE2bj1wZcWjAQrKMFZV260lbqYop1d2GM67JI1huLRwxo9ZqnfF/lC6A=="
      },
      "csprojparser": {
        "type": "Project"
      },
      "fverparser": {
        "type": "Project"
      },
      "genmanifestmain": {
        "type": "Project",
        "dependencies": {
          "CsprojParser": "[1.0.0, )",
          "FVerParser": "[1.0.0, )"
        }
      }
    }
  }
}